
Microsoft Visual Studio Solution File, Format Version 12.00
# Visual Studio 15
VisualStudioVersion = 15.0.36617.4
MinimumVisualStudioVersion = 10.0.40219.1
Project("{FAE04EC0-301F-11D3-BF4B-00C04F79EFBC}") = "ConsoleApp10", "ConsoleApp10\ConsoleApp10.csproj", "{D00B330B-B388-46F8-A7F5-118F35834682}"
EndProject
Global
	GlobalSection(SolutionConfigurationPlatforms) = preSolution
		Debug|Any CPU = Debug|Any CPU
		Release|Any CPU = Release|Any CPU
	EndGlobalSection
	GlobalSection(ProjectConfigurationPlatforms) = postSolution
		{D00B330B-B388-46F8-A7F5-118F35834682}.Debug|Any CPU.ActiveCfg = Debug|Any CPU
		{D00B330B-B388-46F8-A7F5-118F35834682}.Debug|Any CPU.Build.0 = Debug|Any CPU
		{D00B330B-B388-46F8-A7F5-118F35834682}.Release|Any CPU.ActiveCfg = Release|Any CPU
		{D00B330B-B388-46F8-A7F5-118F35834682}.Release|Any CPU.Build.0 = Release|Any CPU
	EndGlobalSection
	GlobalSection(SolutionProperties) = preSolution
		HideSolutionNode = FALSE
	EndGlobalSection
	GlobalSection(ExtensibilityGlobals) = postSolution
		SolutionGuid = {2A895562-A05C-49DE-89F6-87B893FD94C0}
	EndGlobalSection
EndGlobal
